
Microsoft Visual Studio Solution File, Format Version 12.00
# Visual Studio 15
Project("{FAE04EC0-301F-11D3-BF4B-00C04F79EFBC}") = "Assembly-CSharp", "Assembly-CSharp.csproj", "{DCA81611-808D-A6C6-4383-DA56F14BB72E}"
EndProject
Global
	GlobalSection(SolutionConfigurationPlatforms) = preSolution
		Debug|Any CPU = Debug|Any CPU
		Release|Any CPU = Release|Any CPU
	EndGlobalSection
	GlobalSection(ProjectConfigurationPlatforms) = postSolution
		{DCA81611-808D-A6C6-4383-DA56F14BB72E}.Debug|Any CPU.ActiveCfg = Debug|Any CPU
		{DCA81611-808D-A6C6-4383-DA56F14BB72E}.Debug|Any CPU.Build.0 = Debug|Any CPU
		{DCA81611-808D-A6C6-4383-DA56F14BB72E}.Release|Any CPU.ActiveCfg = Release|Any CPU
		{DCA81611-808D-A6C6-4383-DA56F14BB72E}.Release|Any CPU.Build.0 = Release|Any CPU
	EndGlobalSection
EndGlobal
