
Microsoft Visual Studio Solution File, Format Version 11.00
# Visual Studio 2010
Project("{FAE04EC0-301F-11D3-BF4B-00C04F79EFBC}") = "SpawnReference", "SpawnReference.csproj", "{7BE88EEF-FAD0-9775-38C5-955C05E5A8A1}"
EndProject
Project("{FAE04EC0-301F-11D3-BF4B-00C04F79EFBC}") = "EditorMode", "EditorMode.csproj", "{6EBA5ABF-ED01-7F44-62F7-FC2ECCBF91FD}"
EndProject
Global
	GlobalSection(SolutionConfigurationPlatforms) = preSolution
		Debug|Any CPU = Debug|Any CPU
		Release|Any CPU = Release|Any CPU
	EndGlobalSection
	GlobalSection(ProjectConfigurationPlatforms) = postSolution
		{7BE88EEF-FAD0-9775-38C5-955C05E5A8A1}.Debug|Any CPU.ActiveCfg = Debug|Any CPU
		{7BE88EEF-FAD0-9775-38C5-955C05E5A8A1}.Debug|Any CPU.Build.0 = Debug|Any CPU
		{7BE88EEF-FAD0-9775-38C5-955C05E5A8A1}.Release|Any CPU.ActiveCfg = Release|Any CPU
		{7BE88EEF-FAD0-9775-38C5-955C05E5A8A1}.Release|Any CPU.Build.0 = Release|Any CPU
		{6EBA5ABF-ED01-7F44-62F7-FC2ECCBF91FD}.Debug|Any CPU.ActiveCfg = Debug|Any CPU
		{6EBA5ABF-ED01-7F44-62F7-FC2ECCBF91FD}.Debug|Any CPU.Build.0 = Debug|Any CPU
		{6EBA5ABF-ED01-7F44-62F7-FC2ECCBF91FD}.Release|Any CPU.ActiveCfg = Release|Any CPU
		{6EBA5ABF-ED01-7F44-62F7-FC2ECCBF91FD}.Release|Any CPU.Build.0 = Release|Any CPU
	EndGlobalSection
	GlobalSection(SolutionProperties) = preSolution
		HideSolutionNode = FALSE
	EndGlobalSection
EndGlobal
